# This file is generated by running "yarn install" inside your project.
# Manual changes might be lost - proceed with caution!

__metadata:
  version: 6
  cacheKey: 8

"@jridgewell/sourcemap-codec@npm:^1.4.13":
  version: 1.4.15
  resolution: "@jridgewell/sourcemap-codec@npm:1.4.15"
  checksum: b881c7e503db3fc7f3c1f35a1dd2655a188cc51a3612d76efc8a6eb74728bef5606e6758ee77423e564092b4a518aba569bbb21c9bac5ab7a35b0c6ae7e344c8
  languageName: node
  linkType: hard

"@originjs/vite-plugin-federation@npm:^1.2.3":
  version: 1.2.3
  resolution: "@originjs/vite-plugin-federation@npm:1.2.3"
  dependencies:
    estree-walker: ^3.0.2
    magic-string: ^0.27.0
  checksum: 252dbeb9399a420bfe38314e835354069d8203586916df6f77e744a7392285f41b4b74d46c2d853b16107eb15a3e3385ac275ef1aeb2fb7b4c04678eaa53a2b0
  languageName: node
  linkType: hard

"@types/estree@npm:^1.0.0":
  version: 1.0.1
  resolution: "@types/estree@npm:1.0.1"
  checksum: e9aa175eacb797216fafce4d41e8202c7a75555bc55232dee0f9903d7171f8f19f0ae7d5191bb1a88cb90e65468be508c0df850a9fb81b4433b293a5a749899d
  languageName: node
  linkType: hard

"estree-walker@npm:^3.0.2":
  version: 3.0.3
  resolution: "estree-walker@npm:3.0.3"
  dependencies:
    "@types/estree": ^1.0.0
  checksum: a65728d5727b71de172c5df323385755a16c0fdab8234dc756c3854cfee343261ddfbb72a809a5660fac8c75d960bb3e21aa898c2d7e9b19bb298482ca58a3af
  languageName: node
  linkType: hard

"get-them-args@npm:1.3.2":
  version: 1.3.2
  resolution: "get-them-args@npm:1.3.2"
  checksum: 5544dcec7faf0bc91656eb517a80d235f5bb42579bb50a119d0eafd9c6b6f3cc4a2c1291695caec941d6bdabee7962221206d0e31f6147374edbc0d95bf368ed
  languageName: node
  linkType: hard

"kill-port@npm:^2.0.1":
  version: 2.0.1
  resolution: "kill-port@npm:2.0.1"
  dependencies:
    get-them-args: 1.3.2
    shell-exec: 1.0.2
  bin:
    kill-port: cli.js
  checksum: 407b8f3ef90758aed0f311de07460b77d85b7e1b2826237108ca2a7f7060235fa4d11912917c2859f698103c61b6b1c36b55429ed9f53117e78490fa15ded6b6
  languageName: node
  linkType: hard

"magic-string@npm:^0.27.0":
  version: 0.27.0
  resolution: "magic-string@npm:0.27.0"
  dependencies:
    "@jridgewell/sourcemap-codec": ^1.4.13
  checksum: 273faaa50baadb7a2df6e442eac34ad611304fc08fe16e24fe2e472fd944bfcb73ffb50d2dc972dc04e92784222002af46868cb9698b1be181c81830fd95a13e
  languageName: node
  linkType: hard

"micro_frontend@workspace:.":
  version: 0.0.0-use.local
  resolution: "micro_frontend@workspace:."
  dependencies:
    "@originjs/vite-plugin-federation": ^1.2.3
    kill-port: ^2.0.1
  languageName: unknown
  linkType: soft

"shell-exec@npm:1.0.2":
  version: 1.0.2
  resolution: "shell-exec@npm:1.0.2"
  checksum: 0cae6f151165a96f2d3a5a5daf7c55888979ccfa379ada460269f618e95d7501018073cc3d53e6f942cbf7b36e92497d23dae281f3a2633b34ec489d8399ab11
  languageName: node
  linkType: hard
